// !$*UTF8*$!
{
	archiveVersion = 1;
	classes = {
	};
	objectVersion = 48;
	objects = {

/* Begin PBXBuildFile section */
		5E0BDCAC1F4FFBA7005CD157 /* AppDelegate.m in Sources */ = {isa = PBXBuildFile; fileRef = 5E0BDCAB1F4FFBA7005CD157 /* AppDelegate.m */; };
		5E0BDCAF1F4FFBA7005CD157 /* ViewController.m in Sources */ = {isa = PBXBuildFile; fileRef = 5E0BDCAE1F4FFBA7005CD157 /* ViewController.m */; };
		5E0BDCB41F4FFBA7005CD157 /* Assets.xcassets in Resources */ = {isa = PBXBuildFile; fileRef = 5E0BDCB31F4FFBA7005CD157 /* Assets.xcassets */; };
		5E0BDCB71F4FFBA7005CD157 /* LaunchScreen.storyboard in Resources */ = {isa = PBXBuildFile; fileRef = 5E0BDCB51F4FFBA7005CD157 /* LaunchScreen.storyboard */; };
		5E0BDCBA1F4FFBA7005CD157 /* main.m in Sources */ = {isa = PBXBuildFile; fileRef = 5E0BDCB91F4FFBA7005CD157 /* main.m */; };
/* End PBXBuildFile section */

/* Begin PBXFileReference section */
		5E0BDCA71F4FFBA7005CD157 /* LFZCategory.app */ = {isa = PBXFileReference; explicitFileType = wrapper.application; includeInIndex = 0; path = LFZCategory.app; sourceTree = BUILT_PRODUCTS_DIR; };
		5E0BDCAA1F4FFBA7005CD157 /* AppDelegate.h */ = {isa = PBXFileReference; lastKnownFileType = sourcecode.c.h; path = AppDelegate.h; sourceTree = "<group>"; };
		5E0BDCAB1F4FFBA7005CD157 /* AppDelegate.m */ = {isa = PBXFileReference; lastKnownFileType = sourcecode.c.objc; path = AppDelegate.m; sourceTree = "<group>"; };
		5E0BDCAD1F4FFBA7005CD157 /* ViewController.h */ = {isa = PBXFileReference; lastKnownFileType = sourcecode.c.h; path = ViewController.h; sourceTree = "<group>"; };
		5E0BDCAE1F4FFBA7005CD157 /* ViewController.m */ = {isa = PBXFileReference; lastKnownFileType = sourcecode.c.objc; path = ViewController.m; sourceTree = "<group>"; };
		5E0BDCB31F4FFBA7005CD157 /* Assets.xcassets */ = {isa = PBXFileReference; lastKnownFileType = folder.assetcatalog; path = Assets.xcassets; sourceTree = "<group>"; };
		5E0BDCB61F4FFBA7005CD157 /* Base */ = {isa = PBXFileReference; lastKnownFileType = file.storyboard; name = Base; path = Base.lproj/LaunchScreen.storyboard; sourceTree = "<group>"; };
		5E0BDCB81F4FFBA7005CD157 /* Info.plist */ = {isa = PBXFileReference; lastKnownFileType = text.plist.xml; path = Info.plist; sourceTree = "<group>"; };
		5E0BDCB91F4FFBA7005CD157 /* main.m */ = {isa = PBXFileReference; lastKnownFileType = sourcecode.c.objc; path = main.m; sourceTree = "<group>"; };
		5E1A248E1F4FFCC80056DE9A /* BPCategory.h */ = {isa = PBXFileReference; lastKnownFileType = sourcecode.c.h; path = BPCategory.h; sourceTree = "<group>"; };
		5E1A24901F4FFCC80056DE9A /* Define.h */ = {isa = PBXFileReference; lastKnownFileType = sourcecode.c.h; path = Define.h; sourceTree = "<group>"; };
		5E1A24911F4FFCC80056DE9A /* NSArray+BPExtension.h */ = {isa = PBXFileReference; lastKnownFileType = sourcecode.c.h; path = "NSArray+BPExtension.h"; sourceTree = "<group>"; };
		5E1A24921F4FFCC80056DE9A /* NSArray+BPExtension.m */ = {isa = PBXFileReference; lastKnownFileType = sourcecode.c.objc; path = "NSArray+BPExtension.m"; sourceTree = "<group>"; };
		5E1A24931F4FFCC80056DE9A /* NSDate+BPExtension.h */ = {isa = PBXFileReference; lastKnownFileType = sourcecode.c.h; path = "NSDate+BPExtension.h"; sourceTree = "<group>"; };
		5E1A24941F4FFCC80056DE9A /* NSDate+BPExtension.m */ = {isa = PBXFileReference; lastKnownFileType = sourcecode.c.objc; path = "NSDate+BPExtension.m"; sourceTree = "<group>"; };
		5E1A24951F4FFCC80056DE9A /* NSMutableArray+BPExtension.h */ = {isa = PBXFileReference; lastKnownFileType = sourcecode.c.h; path = "NSMutableArray+BPExtension.h"; sourceTree = "<group>"; };
		5E1A24961F4FFCC80056DE9A /* NSMutableArray+BPExtension.m */ = {isa = PBXFileReference; lastKnownFileType = sourcecode.c.objc; path = "NSMutableArray+BPExtension.m"; sourceTree = "<group>"; };
		5E1A24971F4FFCC80056DE9A /* NSMutableAttributedString+BPExtension.h */ = {isa = PBXFileReference; lastKnownFileType = sourcecode.c.h; path = "NSMutableAttributedString+BPExtension.h"; sourceTree = "<group>"; };
		5E1A24981F4FFCC80056DE9A /* NSMutableAttributedString+BPExtension.m */ = {isa = PBXFileReference; lastKnownFileType = sourcecode.c.objc; path = "NSMutableAttributedString+BPExtension.m"; sourceTree = "<group>"; };
		5E1A24991F4FFCC80056DE9A /* NSMutableDictionary+BPExtension.h */ = {isa = PBXFileReference; lastKnownFileType = sourcecode.c.h; path = "NSMutableDictionary+BPExtension.h"; sourceTree = "<group>"; };
		5E1A249A1F4FFCC80056DE9A /* NSMutableDictionary+BPExtension.m */ = {isa = PBXFileReference; lastKnownFileType = sourcecode.c.objc; path = "NSMutableDictionary+BPExtension.m"; sourceTree = "<group>"; };
		5E1A249B1F4FFCC80056DE9A /* NSObject+BPExtension.h */ = {isa = PBXFileReference; lastKnownFileType = sourcecode.c.h; path = "NSObject+BPExtension.h"; sourceTree = "<group>"; };
		5E1A249C1F4FFCC80056DE9A /* NSObject+BPExtension.m */ = {isa = PBXFileReference; lastKnownFileType = sourcecode.c.objc; path = "NSObject+BPExtension.m"; sourceTree = "<group>"; };
		5E1A249D1F4FFCC80056DE9A /* UIButton+BPExtension.h */ = {isa = PBXFileReference; lastKnownFileType = sourcecode.c.h; path = "UIButton+BPExtension.h"; sourceTree = "<group>"; };
		5E1A249E1F4FFCC80056DE9A /* UIButton+BPExtension.m */ = {isa = PBXFileReference; lastKnownFileType = sourcecode.c.objc; path = "UIButton+BPExtension.m"; sourceTree = "<group>"; };
		5E1A249F1F4FFCC80056DE9A /* UIDevice+BPExtension.h */ = {isa = PBXFileReference; lastKnownFileType = sourcecode.c.h; path = "UIDevice+BPExtension.h"; sourceTree = "<group>"; };
		5E1A24A01F4FFCC80056DE9A /* UIDevice+BPExtension.m */ = {isa = PBXFileReference; lastKnownFileType = sourcecode.c.objc; path = "UIDevice+BPExtension.m"; sourceTree = "<group>"; };
		5E1A24A11F4FFCC80056DE9A /* UIImageView+BPExtension.h */ = {isa = PBXFileReference; lastKnownFileType = sourcecode.c.h; path = "UIImageView+BPExtension.h"; sourceTree = "<group>"; };
		5E1A24A21F4FFCC80056DE9A /* UIImageView+BPExtension.m */ = {isa = PBXFileReference; lastKnownFileType = sourcecode.c.objc; path = "UIImageView+BPExtension.m"; sourceTree = "<group>"; };
		5E1A24A31F4FFCC80056DE9A /* UILabel+BPExtension.h */ = {isa = PBXFileReference; lastKnownFileType = sourcecode.c.h; path = "UILabel+BPExtension.h"; sourceTree = "<group>"; };
		5E1A24A41F4FFCC80056DE9A /* UILabel+BPExtension.m */ = {isa = PBXFileReference; lastKnownFileType = sourcecode.c.objc; path = "UILabel+BPExtension.m"; sourceTree = "<group>"; };
		5E1A24A51F4FFCC80056DE9A /* UIView+BPExtension.h */ = {isa = PBXFileReference; lastKnownFileType = sourcecode.c.h; path = "UIView+BPExtension.h"; sourceTree = "<group>"; };
		5E1A24A61F4FFCC80056DE9A /* UIView+BPExtension.m */ = {isa = PBXFileReference; lastKnownFileType = sourcecode.c.objc; path = "UIView+BPExtension.m"; sourceTree = "<group>"; };
/* End PBXFileReference section */

/* Begin PBXFrameworksBuildPhase section */
		5E0BDCA41F4FFBA7005CD157 /* Frameworks */ = {
			isa = PBXFrameworksBuildPhase;
			buildActionMask = 2147483647;
			files = (
			);
			runOnlyForDeploymentPostprocessing = 0;
		};
/* End PBXFrameworksBuildPhase section */

/* Begin PBXGroup section */
		5E0BDC9E1F4FFBA7005CD157 = {
			isa = PBXGroup;
			children = (
				5E0BDCA91F4FFBA7005CD157 /* LFZCategory */,
				5E0BDCA81F4FFBA7005CD157 /* Products */,
			);
			sourceTree = "<group>";
		};
		5E0BDCA81F4FFBA7005CD157 /* Products */ = {
			isa = PBXGroup;
			children = (
				5E0BDCA71F4FFBA7005CD157 /* LFZCategory.app */,
			);
			name = Products;
			sourceTree = "<group>";
		};
		5E0BDCA91F4FFBA7005CD157 /* LFZCategory */ = {
			isa = PBXGroup;
			children = (
				5E1A248F1F4FFCC80056DE9A /* BPCategory */,
				5E1A248E1F4FFCC80056DE9A /* BPCategory.h */,
				5E0BDCAA1F4FFBA7005CD157 /* AppDelegate.h */,
				5E0BDCAB1F4FFBA7005CD157 /* AppDelegate.m */,
				5E0BDCAD1F4FFBA7005CD157 /* ViewController.h */,
				5E0BDCAE1F4FFBA7005CD157 /* ViewController.m */,
				5E0BDCB31F4FFBA7005CD157 /* Assets.xcassets */,
				5E0BDCB51F4FFBA7005CD157 /* LaunchScreen.storyboard */,
				5E0BDCB81F4FFBA7005CD157 /* Info.plist */,
				5E0BDCB91F4FFBA7005CD157 /* main.m */,
			);
			path = LFZCategory;
			sourceTree = "<group>";
		};
		5E1A248F1F4FFCC80056DE9A /* BPCategory */ = {
			isa = PBXGroup;
			children = (
				5E1A24901F4FFCC80056DE9A /* Define.h */,
				5E1A24911F4FFCC80056DE9A /* NSArray+BPExtension.h */,
				5E1A24921F4FFCC80056DE9A /* NSArray+BPExtension.m */,
				5E1A24931F4FFCC80056DE9A /* NSDate+BPExtension.h */,
				5E1A24941F4FFCC80056DE9A /* NSDate+BPExtension.m */,
				5E1A24951F4FFCC80056DE9A /* NSMutableArray+BPExtension.h */,
				5E1A24961F4FFCC80056DE9A /* NSMutableArray+BPExtension.m */,
				5E1A24971F4FFCC80056DE9A /* NSMutableAttributedString+BPExtension.h */,
				5E1A24981F4FFCC80056DE9A /* NSMutableAttributedString+BPExtension.m */,
				5E1A24991F4FFCC80056DE9A /* NSMutableDictionary+BPExtension.h */,
				5E1A249A1F4FFCC80056DE9A /* NSMutableDictionary+BPExtension.m */,
				5E1A249B1F4FFCC80056DE9A /* NSObject+BPExtension.h */,
				5E1A249C1F4FFCC80056DE9A /* NSObject+BPExtension.m */,
				5E1A249D1F4FFCC80056DE9A /* UIButton+BPExtension.h */,
				5E1A249E1F4FFCC80056DE9A /* UIButton+BPExtension.m */,
				5E1A249F1F4FFCC80056DE9A /* UIDevice+BPExtension.h */,
				5E1A24A01F4FFCC80056DE9A /* UIDevice+BPExtension.m */,
				5E1A24A11F4FFCC80056DE9A /* UIImageView+BPExtension.h */,
				5E1A24A21F4FFCC80056DE9A /* UIImageView+BPExtension.m */,
				5E1A24A31F4FFCC80056DE9A /* UILabel+BPExtension.h */,
				5E1A24A41F4FFCC80056DE9A /* UILabel+BPExtension.m */,
				5E1A24A51F4FFCC80056DE9A /* UIView+BPExtension.h */,
				5E1A24A61F4FFCC80056DE9A /* UIView+BPExtension.m */,
			);
			path = BPCategory;
			sourceTree = "<group>";
		};
/* End PBXGroup section */

/* Begin PBXNativeTarget section */
		5E0BDCA61F4FFBA7005CD157 /* LFZCategory */ = {
			isa = PBXNativeTarget;
			buildConfigurationList = 5E0BDCBD1F4FFBA7005CD157 /* Build configuration list for PBXNativeTarget "LFZCategory" */;
			buildPhases = (
				5E0BDCA31F4FFBA7005CD157 /* Sources */,
				5E0BDCA41F4FFBA7005CD157 /* Frameworks */,
				5E0BDCA51F4FFBA7005CD157 /* Resources */,
			);
			buildRules = (
			);
			dependencies = (
			);
			name = LFZCategory;
			productName = LFZCategory;
			productReference = 5E0BDCA71F4FFBA7005CD157 /* LFZCategory.app */;
			productType = "com.apple.product-type.application";
		};
/* End PBXNativeTarget section */

/* Begin PBXProject section */
		5E0BDC9F1F4FFBA7005CD157 /* Project object */ = {
			isa = PBXProject;
			attributes = {
				LastUpgradeCheck = 0900;
				ORGANIZATIONNAME = LangFZ;
				TargetAttributes = {
					5E0BDCA61F4FFBA7005CD157 = {
						CreatedOnToolsVersion = 9.0;
					};
				};
			};
			buildConfigurationList = 5E0BDCA21F4FFBA7005CD157 /* Build configuration list for PBXProject "LFZCategory" */;
			compatibilityVersion = "Xcode 8.0";
			developmentRegion = en;
			hasScannedForEncodings = 0;
			knownRegions = (
				en,
				Base,
			);
			mainGroup = 5E0BDC9E1F4FFBA7005CD157;
			productRefGroup = 5E0BDCA81F4FFBA7005CD157 /* Products */;
			projectDirPath = "";
			projectRoot = "";
			targets = (
				5E0BDCA61F4FFBA7005CD157 /* LFZCategory */,
			);
		};
/* End PBXProject section */

/* Begin PBXResourcesBuildPhase section */
		5E0BDCA51F4FFBA7005CD157 /* Resources */ = {
			isa = PBXResourcesBuildPhase;
			buildActionMask = 2147483647;
			files = (
				5E0BDCB71F4FFBA7005CD157 /* LaunchScreen.storyboard in Resources */,
				5E0BDCB41F4FFBA7005CD157 /* Assets.xcassets in Resources */,
			);
			runOnlyForDeploymentPostprocessing = 0;
		};
/* End PBXResourcesBuildPhase section */

/* Begin PBXSourcesBuildPhase section */
		5E0BDCA31F4FFBA7005CD157 /* Sources */ = {
			isa = PBXSourcesBuildPhase;
			buildActionMask = 2147483647;
			files = (
				5E0BDCAF1F4FFBA7005CD157 /* ViewController.m in Sources */,
				5E0BDCBA1F4FFBA7005CD157 /* main.m in Sources */,
				5E0BDCAC1F4FFBA7005CD157 /* AppDelegate.m in Sources */,
			);
			runOnlyForDeploymentPostprocessing = 0;
		};
/* End PBXSourcesBuildPhase section */

/* Begin PBXVariantGroup section */
		5E0BDCB51F4FFBA7005CD157 /* LaunchScreen.storyboard */ = {
			isa = PBXVariantGroup;
			children = (
				5E0BDCB61F4FFBA7005CD157 /* Base */,
			);
			name = LaunchScreen.storyboard;
			sourceTree = "<group>";
		};
/* End PBXVariantGroup section */

/* Begin XCBuildConfiguration section */
		5E0BDCBB1F4FFBA7005CD157 /* Debug */ = {
			isa = XCBuildConfiguration;
			buildSettings = {
				ALWAYS_SEARCH_USER_PATHS = NO;
				CLANG_ANALYZER_NONNULL = YES;
				CLANG_ANALYZER_NUMBER_OBJECT_CONVERSION = YES_AGGRESSIVE;
				CLANG_CXX_LANGUAGE_STANDARD = "gnu++14";
				CLANG_CXX_LIBRARY = "libc++";
				CLANG_ENABLE_MODULES = YES;
				CLANG_ENABLE_OBJC_ARC = YES;
				CLANG_WARN_BLOCK_CAPTURE_AUTORELEASING = YES;
				CLANG_WARN_BOOL_CONVERSION = YES;
				CLANG_WARN_COMMA = YES;
				CLANG_WARN_CONSTANT_CONVERSION = YES;
				CLANG_WARN_DIRECT_OBJC_ISA_USAGE = YES_ERROR;
				CLANG_WARN_DOCUMENTATION_COMMENTS = YES;
				CLANG_WARN_EMPTY_BODY = YES;
				CLANG_WARN_ENUM_CONVERSION = YES;
				CLANG_WARN_INFINITE_RECURSION = YES;
				CLANG_WARN_INT_CONVERSION = YES;
				CLANG_WARN_NON_LITERAL_NULL_CONVERSION = YES;
				CLANG_WARN_OBJC_LITERAL_CONVERSION = YES;
				CLANG_WARN_OBJC_ROOT_CLASS = YES_ERROR;
				CLANG_WARN_RANGE_LOOP_ANALYSIS = YES;
				CLANG_WARN_STRICT_PROTOTYPES = YES;
				CLANG_WARN_SUSPICIOUS_MOVE = YES;
				CLANG_WARN_UNGUARDED_AVAILABILITY = YES_AGGRESSIVE;
				CLANG_WARN_UNREACHABLE_CODE = YES;
				CLANG_WARN__DUPLICATE_METHOD_MATCH = YES;
				CODE_SIGN_IDENTITY = "iPhone Developer";
				COPY_PHASE_STRIP = NO;
				DEBUG_INFORMATION_FORMAT = dwarf;
				ENABLE_STRICT_OBJC_MSGSEND = YES;
				ENABLE_TESTABILITY = YES;
				GCC_C_LANGUAGE_STANDARD = gnu11;
				GCC_DYNAMIC_NO_PIC = NO;
				GCC_NO_COMMON_BLOCKS = YES;
				GCC_OPTIMIZATION_LEVEL = 0;
				GCC_PREPROCESSOR_DEFINITIONS = (
					"DEBUG=1",
					"$(inherited)",
				);
				GCC_WARN_64_TO_32_BIT_CONVERSION = YES;
				GCC_WARN_ABOUT_RETURN_TYPE = YES_ERROR;
				GCC_WARN_UNDECLARED_SELECTOR = YES;
				GCC_WARN_UNINITIALIZED_AUTOS = YES_AGGRESSIVE;
				GCC_WARN_UNUSED_FUNCTION = YES;
				GCC_WARN_UNUSED_VARIABLE = YES;
				IPHONEOS_DEPLOYMENT_TARGET = 11.0;
				MTL_ENABLE_DEBUG_INFO = YES;
				ONLY_ACTIVE_ARCH = YES;
				SDKROOT = iphoneos;
			};
			name = Debug;
		};
		5E0BDCBC1F4FFBA7005CD157 /* Release */ = {
			isa = XCBuildConfiguration;
			buildSettings = {
				ALWAYS_SEARCH_USER_PATHS = NO;
				CLANG_ANALYZER_NONNULL = YES;
				CLANG_ANALYZER_NUMBER_OBJECT_CONVERSION = YES_AGGRESSIVE;
				CLANG_CXX_LANGUAGE_STANDARD = "gnu++14";
				CLANG_CXX_LIBRARY = "libc++";
				CLANG_ENABLE_MODULES = YES;
				CLANG_ENABLE_OBJC_ARC = YES;
				CLANG_WARN_BLOCK_CAPTURE_AUTORELEASING = YES;
				CLANG_WARN_BOOL_CONVERSION = YES;
				CLANG_WARN_COMMA = YES;
				CLANG_WARN_CONSTANT_CONVERSION = YES;
				CLANG_WARN_DIRECT_OBJC_ISA_USAGE = YES_ERROR;
				CLANG_WARN_DOCUMENTATION_COMMENTS = YES;
				CLANG_WARN_EMPTY_BODY = YES;
				CLANG_WARN_ENUM_CONVERSION = YES;
				CLANG_WARN_INFINITE_RECURSION = YES;
				CLANG_WARN_INT_CONVERSION = YES;
				CLANG_WARN_NON_LITERAL_NULL_CONVERSION = YES;
				CLANG_WARN_OBJC_LITERAL_CONVERSION = YES;
				CLANG_WARN_OBJC_ROOT_CLASS = YES_ERROR;
				CLANG_WARN_RANGE_LOOP_ANALYSIS = YES;
				CLANG_WARN_STRICT_PROTOTYPES = YES;
				CLANG_WARN_SUSPICIOUS_MOVE = YES;
				CLANG_WARN_UNGUARDED_AVAILABILITY = YES_AGGRESSIVE;
				CLANG_WARN_UNREACHABLE_CODE = YES;
				CLANG_WARN__DUPLICATE_METHOD_MATCH = YES;
				CODE_SIGN_IDENTITY = "iPhone Developer";
				COPY_PHASE_STRIP = NO;
				DEBUG_INFORMATION_FORMAT = "dwarf-with-dsym";
				ENABLE_NS_ASSERTIONS = NO;
				ENABLE_STRICT_OBJC_MSGSEND = YES;
				GCC_C_LANGUAGE_STANDARD = gnu11;
				GCC_NO_COMMON_BLOCKS = YES;
				GCC_WARN_64_TO_32_BIT_CONVERSION = YES;
				GCC_WARN_ABOUT_RETURN_TYPE = YES_ERROR;
				GCC_WARN_UNDECLARED_SELECTOR = YES;
				GCC_WARN_UNINITIALIZED_AUTOS = YES_AGGRESSIVE;
				GCC_WARN_UNUSED_FUNCTION = YES;
				GCC_WARN_UNUSED_VARIABLE = YES;
				IPHONEOS_DEPLOYMENT_TARGET = 11.0;
				MTL_ENABLE_DEBUG_INFO = NO;
				SDKROOT = iphoneos;
				VALIDATE_PRODUCT = YES;
			};
			name = Release;
		};
		5E0BDCBE1F4FFBA7005CD157 /* Debug */ = {
			isa = XCBuildConfiguration;
			buildSettings = {
				ASSETCATALOG_COMPILER_APPICON_NAME = AppIcon;
				DEVELOPMENT_TEAM = 496JMV52SE;
				INFOPLIST_FILE = LFZCategory/Info.plist;
				LD_RUNPATH_SEARCH_PATHS = "$(inherited) @executable_path/Frameworks";
				PRODUCT_BUNDLE_IDENTIFIER = com.LangFZ.LFZCategory;
				PRODUCT_NAME = "$(TARGET_NAME)";
				TARGETED_DEVICE_FAMILY = "1,2";
			};
			name = Debug;
		};
		5E0BDCBF1F4FFBA7005CD157 /* Release */ = {
			isa = XCBuildConfiguration;
			buildSettings = {
				ASSETCATALOG_COMPILER_APPICON_NAME = AppIcon;
				DEVELOPMENT_TEAM = 496JMV52SE;
				INFOPLIST_FILE = LFZCategory/Info.plist;
				LD_RUNPATH_SEARCH_PATHS = "$(inherited) @executable_path/Frameworks";
				PRODUCT_BUNDLE_IDENTIFIER = com.LangFZ.LFZCategory;
				PRODUCT_NAME = "$(TARGET_NAME)";
				TARGETED_DEVICE_FAMILY = "1,2";
			};
			name = Release;
		};
/* End XCBuildConfiguration section */

/* Begin XCConfigurationList section */
		5E0BDCA21F4FFBA7005CD157 /* Build configuration list for PBXProject "LFZCategory" */ = {
			isa = XCConfigurationList;
			buildConfigurations = (
				5E0BDCBB1F4FFBA7005CD157 /* Debug */,
				5E0BDCBC1F4FFBA7005CD157 /* Release */,
			);
			defaultConfigurationIsVisible = 0;
			defaultConfigurationName = Release;
		};
		5E0BDCBD1F4FFBA7005CD157 /* Build configuration list for PBXNativeTarget "LFZCategory" */ = {
			isa = XCConfigurationList;
			buildConfigurations = (
				5E0BDCBE1F4FFBA7005CD157 /* Debug */,
				5E0BDCBF1F4FFBA7005CD157 /* Release */,
			);
			defaultConfigurationIsVisible = 0;
			defaultConfigurationName = Release;
		};
/* End XCConfigurationList section */
	};
	rootObject = 5E0BDC9F1F4FFBA7005CD157 /* Project object */;
}
